
Microsoft Visual Studio Solution File, Format Version 12.00
# Visual Studio Version 17
VisualStudioVersion = 17.5.002.0
MinimumVisualStudioVersion = 10.0.40219.1
Project("{2150E333-8FDC-42A3-9474-1A3956D46DE8}") = "CsharpProjects", "CsharpProjects", "{BC883031-ABBC-4628-B525-3814DAE64A4C}"
EndProject
Project("{9A19103F-16F7-4668-BE54-9A1E7A4F7556}") = "TestProject", "CsharpProjects\TestProject\TestProject.csproj", "{A48CA901-7D10-43A6-B16E-DF310E11312E}"
EndProject
Global
	GlobalSection(SolutionConfigurationPlatforms) = preSolution
		Debug|Any CPU = Debug|Any CPU
		Release|Any CPU = Release|Any CPU
	EndGlobalSection
	GlobalSection(ProjectConfigurationPlatforms) = postSolution
		{A48CA901-7D10-43A6-B16E-DF310E11312E}.Debug|Any CPU.ActiveCfg = Debug|Any CPU
		{A48CA901-7D10-43A6-B16E-DF310E11312E}.Debug|Any CPU.Build.0 = Debug|Any CPU
		{A48CA901-7D10-43A6-B16E-DF310E11312E}.Release|Any CPU.ActiveCfg = Release|Any CPU
		{A48CA901-7D10-43A6-B16E-DF310E11312E}.Release|Any CPU.Build.0 = Release|Any CPU
	EndGlobalSection
	GlobalSection(SolutionProperties) = preSolution
		HideSolutionNode = FALSE
	EndGlobalSection
	GlobalSection(NestedProjects) = preSolution
		{A48CA901-7D10-43A6-B16E-DF310E11312E} = {BC883031-ABBC-4628-B525-3814DAE64A4C}
	EndGlobalSection
	GlobalSection(ExtensibilityGlobals) = postSolution
		SolutionGuid = {D3EB7923-33A8-41BD-993D-E89CB972C8DA}
	EndGlobalSection
EndGlobal
